# Prisma Migrate lockfile v1

20210130194817-create-post--user-and-project-models
20210130222342-migration
20210130222715-migration
20210130222904-migration
20210130223005-migration
20210130224615-migration
20210130225454-migration
20210131021344-migration
20210131021833-migration
20210131022227-migration
20210131022316-migration